// !$*UTF8*$!
{
	archiveVersion = 1;
	classes = {
	};
	objectVersion = 46;
	objects = {

/* Begin PBXBuildFile section */
		7EBDAC221AFD8A200089B815 /* AppDelegate.swift in Sources */ = {isa = PBXBuildFile; fileRef = 7EBDAC211AFD8A200089B815 /* AppDelegate.swift */; };
		7EBDAC241AFD8A200089B815 /* ViewController.swift in Sources */ = {isa = PBXBuildFile; fileRef = 7EBDAC231AFD8A200089B815 /* ViewController.swift */; };
		7EBDAC271AFD8A200089B815 /* Main.storyboard in Resources */ = {isa = PBXBuildFile; fileRef = 7EBDAC251AFD8A200089B815 /* Main.storyboard */; };
		7EBDAC291AFD8A200089B815 /* Images.xcassets in Resources */ = {isa = PBXBuildFile; fileRef = 7EBDAC281AFD8A200089B815 /* Images.xcassets */; };
		7EBDAC2C1AFD8A200089B815 /* LaunchScreen.xib in Resources */ = {isa = PBXBuildFile; fileRef = 7EBDAC2A1AFD8A200089B815 /* LaunchScreen.xib */; };
		7EBDAC381AFD8A200089B815 /* WatchKitParentAppBenchmarkTests.swift in Sources */ = {isa = PBXBuildFile; fileRef = 7EBDAC371AFD8A200089B815 /* WatchKitParentAppBenchmarkTests.swift */; };
		7EBDAC4A1AFD8AC30089B815 /* InterfaceController.swift in Sources */ = {isa = PBXBuildFile; fileRef = 7EBDAC491AFD8AC30089B815 /* InterfaceController.swift */; };
		7EBDAC4C1AFD8AC30089B815 /* Images.xcassets in Resources */ = {isa = PBXBuildFile; fileRef = 7EBDAC4B1AFD8AC30089B815 /* Images.xcassets */; };
		7EBDAC501AFD8AC30089B815 /* WatchKitParentAppBenchmark WatchKit App.app in Resources */ = {isa = PBXBuildFile; fileRef = 7EBDAC4F1AFD8AC30089B815 /* WatchKitParentAppBenchmark WatchKit App.app */; };
		7EBDAC581AFD8AC30089B815 /* Interface.storyboard in Resources */ = {isa = PBXBuildFile; fileRef = 7EBDAC561AFD8AC30089B815 /* Interface.storyboard */; };
		7EBDAC5A1AFD8AC30089B815 /* Images.xcassets in Resources */ = {isa = PBXBuildFile; fileRef = 7EBDAC591AFD8AC30089B815 /* Images.xcassets */; };
		7EBDAC5D1AFD8AC30089B815 /* WatchKitParentAppBenchmark WatchKit Extension.appex in Embed App Extensions */ = {isa = PBXBuildFile; fileRef = 7EBDAC451AFD8AC30089B815 /* WatchKitParentAppBenchmark WatchKit Extension.appex */; settings = {ATTRIBUTES = (RemoveHeadersOnCopy, ); }; };
		7EBDAC661AFD8BEC0089B815 /* WatchkitCommunicator.swift in Sources */ = {isa = PBXBuildFile; fileRef = 7EBDAC651AFD8BEC0089B815 /* WatchkitCommunicator.swift */; };
		7EBDAC691AFD8E200089B815 /* TickTock.swift in Sources */ = {isa = PBXBuildFile; fileRef = 7EBDAC681AFD8E200089B815 /* TickTock.swift */; };
		7EBDACF61AFDACEE0089B815 /* SwiftStatistics.framework in Frameworks */ = {isa = PBXBuildFile; fileRef = 7EBDACF01AFDAC0C0089B815 /* SwiftStatistics.framework */; };
		7EBDACF81AFDAD2B0089B815 /* SwiftStatistics.framework in Embed Frameworks */ = {isa = PBXBuildFile; fileRef = 7EBDACF01AFDAC0C0089B815 /* SwiftStatistics.framework */; settings = {ATTRIBUTES = (CodeSignOnCopy, RemoveHeadersOnCopy, ); }; };
		7EBDACFB1AFDAD520089B815 /* Cartfile in Resources */ = {isa = PBXBuildFile; fileRef = 7EBDACFA1AFDAD520089B815 /* Cartfile */; };
/* End PBXBuildFile section */

/* Begin PBXContainerItemProxy section */
		7EBDAC321AFD8A200089B815 /* PBXContainerItemProxy */ = {
			isa = PBXContainerItemProxy;
			containerPortal = 7EBDAC141AFD8A200089B815 /* Project object */;
			proxyType = 1;
			remoteGlobalIDString = 7EBDAC1B1AFD8A200089B815;
			remoteInfo = WatchKitParentAppBenchmark;
		};
		7EBDAC511AFD8AC30089B815 /* PBXContainerItemProxy */ = {
			isa = PBXContainerItemProxy;
			containerPortal = 7EBDAC141AFD8A200089B815 /* Project object */;
			proxyType = 1;
			remoteGlobalIDString = 7EBDAC4E1AFD8AC30089B815;
			remoteInfo = "WatchKitParentAppBenchmark WatchKit App";
		};
		7EBDAC5B1AFD8AC30089B815 /* PBXContainerItemProxy */ = {
			isa = PBXContainerItemProxy;
			containerPortal = 7EBDAC141AFD8A200089B815 /* Project object */;
			proxyType = 1;
			remoteGlobalIDString = 7EBDAC441AFD8AC30089B815;
			remoteInfo = "WatchKitParentAppBenchmark WatchKit Extension";
		};
/* End PBXContainerItemProxy section */

/* Begin PBXCopyFilesBuildPhase section */
		7EBDAC641AFD8AC30089B815 /* Embed App Extensions */ = {
			isa = PBXCopyFilesBuildPhase;
			buildActionMask = 2147483647;
			dstPath = "";
			dstSubfolderSpec = 13;
			files = (
				7EBDAC5D1AFD8AC30089B815 /* WatchKitParentAppBenchmark WatchKit Extension.appex in Embed App Extensions */,
			);
			name = "Embed App Extensions";
			runOnlyForDeploymentPostprocessing = 0;
		};
		7EBDACF91AFDAD2B0089B815 /* Embed Frameworks */ = {
			isa = PBXCopyFilesBuildPhase;
			buildActionMask = 2147483647;
			dstPath = "";
			dstSubfolderSpec = 10;
			files = (
				7EBDACF81AFDAD2B0089B815 /* SwiftStatistics.framework in Embed Frameworks */,
			);
			name = "Embed Frameworks";
			runOnlyForDeploymentPostprocessing = 0;
		};
/* End PBXCopyFilesBuildPhase section */

/* Begin PBXFileReference section */
		7EBDAC1C1AFD8A200089B815 /* WatchKitParentAppBenchmark.app */ = {isa = PBXFileReference; explicitFileType = wrapper.application; includeInIndex = 0; path = WatchKitParentAppBenchmark.app; sourceTree = BUILT_PRODUCTS_DIR; };
		7EBDAC201AFD8A200089B815 /* Info.plist */ = {isa = PBXFileReference; lastKnownFileType = text.plist.xml; path = Info.plist; sourceTree = "<group>"; };
		7EBDAC211AFD8A200089B815 /* AppDelegate.swift */ = {isa = PBXFileReference; lastKnownFileType = sourcecode.swift; path = AppDelegate.swift; sourceTree = "<group>"; };
		7EBDAC231AFD8A200089B815 /* ViewController.swift */ = {isa = PBXFileReference; lastKnownFileType = sourcecode.swift; path = ViewController.swift; sourceTree = "<group>"; };
		7EBDAC261AFD8A200089B815 /* Base */ = {isa = PBXFileReference; lastKnownFileType = file.storyboard; name = Base; path = Base.lproj/Main.storyboard; sourceTree = "<group>"; };
		7EBDAC281AFD8A200089B815 /* Images.xcassets */ = {isa = PBXFileReference; lastKnownFileType = folder.assetcatalog; path = Images.xcassets; sourceTree = "<group>"; };
		7EBDAC2B1AFD8A200089B815 /* Base */ = {isa = PBXFileReference; lastKnownFileType = file.xib; name = Base; path = Base.lproj/LaunchScreen.xib; sourceTree = "<group>"; };
		7EBDAC311AFD8A200089B815 /* WatchKitParentAppBenchmarkTests.xctest */ = {isa = PBXFileReference; explicitFileType = wrapper.cfbundle; includeInIndex = 0; path = WatchKitParentAppBenchmarkTests.xctest; sourceTree = BUILT_PRODUCTS_DIR; };
		7EBDAC361AFD8A200089B815 /* Info.plist */ = {isa = PBXFileReference; lastKnownFileType = text.plist.xml; path = Info.plist; sourceTree = "<group>"; };
		7EBDAC371AFD8A200089B815 /* WatchKitParentAppBenchmarkTests.swift */ = {isa = PBXFileReference; lastKnownFileType = sourcecode.swift; path = WatchKitParentAppBenchmarkTests.swift; sourceTree = "<group>"; };
		7EBDAC451AFD8AC30089B815 /* WatchKitParentAppBenchmark WatchKit Extension.appex */ = {isa = PBXFileReference; explicitFileType = "wrapper.app-extension"; includeInIndex = 0; path = "WatchKitParentAppBenchmark WatchKit Extension.appex"; sourceTree = BUILT_PRODUCTS_DIR; };
		7EBDAC481AFD8AC30089B815 /* Info.plist */ = {isa = PBXFileReference; lastKnownFileType = text.plist.xml; path = Info.plist; sourceTree = "<group>"; };
		7EBDAC491AFD8AC30089B815 /* InterfaceController.swift */ = {isa = PBXFileReference; lastKnownFileType = sourcecode.swift; path = InterfaceController.swift; sourceTree = "<group>"; };
		7EBDAC4B1AFD8AC30089B815 /* Images.xcassets */ = {isa = PBXFileReference; lastKnownFileType = folder.assetcatalog; path = Images.xcassets; sourceTree = "<group>"; };
		7EBDAC4F1AFD8AC30089B815 /* WatchKitParentAppBenchmark WatchKit App.app */ = {isa = PBXFileReference; explicitFileType = wrapper.application; includeInIndex = 0; path = "WatchKitParentAppBenchmark WatchKit App.app"; sourceTree = BUILT_PRODUCTS_DIR; };
		7EBDAC551AFD8AC30089B815 /* Info.plist */ = {isa = PBXFileReference; lastKnownFileType = text.plist.xml; path = Info.plist; sourceTree = "<group>"; };
		7EBDAC571AFD8AC30089B815 /* Base */ = {isa = PBXFileReference; lastKnownFileType = file.storyboard; name = Base; path = Base.lproj/Interface.storyboard; sourceTree = "<group>"; };
		7EBDAC591AFD8AC30089B815 /* Images.xcassets */ = {isa = PBXFileReference; lastKnownFileType = folder.assetcatalog; path = Images.xcassets; sourceTree = "<group>"; };
		7EBDAC651AFD8BEC0089B815 /* WatchkitCommunicator.swift */ = {isa = PBXFileReference; fileEncoding = 4; lastKnownFileType = sourcecode.swift; path = WatchkitCommunicator.swift; sourceTree = "<group>"; };
		7EBDAC681AFD8E200089B815 /* TickTock.swift */ = {isa = PBXFileReference; fileEncoding = 4; lastKnownFileType = sourcecode.swift; path = TickTock.swift; sourceTree = "<group>"; };
		7EBDACF01AFDAC0C0089B815 /* SwiftStatistics.framework */ = {isa = PBXFileReference; lastKnownFileType = wrapper.framework; name = SwiftStatistics.framework; path = Carthage/Build/iOS/SwiftStatistics.framework; sourceTree = SOURCE_ROOT; };
		7EBDACFA1AFDAD520089B815 /* Cartfile */ = {isa = PBXFileReference; fileEncoding = 4; lastKnownFileType = text; path = Cartfile; sourceTree = "<group>"; };
/* End PBXFileReference section */

/* Begin PBXFrameworksBuildPhase section */
		7EBDAC191AFD8A200089B815 /* Frameworks */ = {
			isa = PBXFrameworksBuildPhase;
			buildActionMask = 2147483647;
			files = (
			);
			runOnlyForDeploymentPostprocessing = 0;
		};
		7EBDAC2E1AFD8A200089B815 /* Frameworks */ = {
			isa = PBXFrameworksBuildPhase;
			buildActionMask = 2147483647;
			files = (
			);
			runOnlyForDeploymentPostprocessing = 0;
		};
		7EBDAC421AFD8AC30089B815 /* Frameworks */ = {
			isa = PBXFrameworksBuildPhase;
			buildActionMask = 2147483647;
			files = (
				7EBDACF61AFDACEE0089B815 /* SwiftStatistics.framework in Frameworks */,
			);
			runOnlyForDeploymentPostprocessing = 0;
		};
/* End PBXFrameworksBuildPhase section */

/* Begin PBXGroup section */
		7EBDAC131AFD8A200089B815 = {
			isa = PBXGroup;
			children = (
				7EBDACFA1AFDAD520089B815 /* Cartfile */,
				7EBDACEF1AFDABFF0089B815 /* Frameworks */,
				7EBDAC1E1AFD8A200089B815 /* WatchKitParentAppBenchmark */,
				7EBDAC341AFD8A200089B815 /* WatchKitParentAppBenchmarkTests */,
				7EBDAC461AFD8AC30089B815 /* WatchKitParentAppBenchmark WatchKit Extension */,
				7EBDAC531AFD8AC30089B815 /* WatchKitParentAppBenchmark WatchKit App */,
				7EBDAC1D1AFD8A200089B815 /* Products */,
			);
			sourceTree = "<group>";
		};
		7EBDAC1D1AFD8A200089B815 /* Products */ = {
			isa = PBXGroup;
			children = (
				7EBDAC1C1AFD8A200089B815 /* WatchKitParentAppBenchmark.app */,
				7EBDAC311AFD8A200089B815 /* WatchKitParentAppBenchmarkTests.xctest */,
				7EBDAC451AFD8AC30089B815 /* WatchKitParentAppBenchmark WatchKit Extension.appex */,
				7EBDAC4F1AFD8AC30089B815 /* WatchKitParentAppBenchmark WatchKit App.app */,
			);
			name = Products;
			sourceTree = "<group>";
		};
		7EBDAC1E1AFD8A200089B815 /* WatchKitParentAppBenchmark */ = {
			isa = PBXGroup;
			children = (
				7EBDAC211AFD8A200089B815 /* AppDelegate.swift */,
				7EBDAC231AFD8A200089B815 /* ViewController.swift */,
				7EBDAC251AFD8A200089B815 /* Main.storyboard */,
				7EBDAC651AFD8BEC0089B815 /* WatchkitCommunicator.swift */,
				7EBDAC281AFD8A200089B815 /* Images.xcassets */,
				7EBDAC2A1AFD8A200089B815 /* LaunchScreen.xib */,
				7EBDAC1F1AFD8A200089B815 /* Supporting Files */,
			);
			path = WatchKitParentAppBenchmark;
			sourceTree = "<group>";
		};
		7EBDAC1F1AFD8A200089B815 /* Supporting Files */ = {
			isa = PBXGroup;
			children = (
				7EBDAC201AFD8A200089B815 /* Info.plist */,
			);
			name = "Supporting Files";
			sourceTree = "<group>";
		};
		7EBDAC341AFD8A200089B815 /* WatchKitParentAppBenchmarkTests */ = {
			isa = PBXGroup;
			children = (
				7EBDAC371AFD8A200089B815 /* WatchKitParentAppBenchmarkTests.swift */,
				7EBDAC351AFD8A200089B815 /* Supporting Files */,
			);
			path = WatchKitParentAppBenchmarkTests;
			sourceTree = "<group>";
		};
		7EBDAC351AFD8A200089B815 /* Supporting Files */ = {
			isa = PBXGroup;
			children = (
				7EBDAC361AFD8A200089B815 /* Info.plist */,
			);
			name = "Supporting Files";
			sourceTree = "<group>";
		};
		7EBDAC461AFD8AC30089B815 /* WatchKitParentAppBenchmark WatchKit Extension */ = {
			isa = PBXGroup;
			children = (
				7EBDAC671AFD8E170089B815 /* Utils */,
				7EBDAC491AFD8AC30089B815 /* InterfaceController.swift */,
				7EBDAC4B1AFD8AC30089B815 /* Images.xcassets */,
				7EBDAC471AFD8AC30089B815 /* Supporting Files */,
			);
			path = "WatchKitParentAppBenchmark WatchKit Extension";
			sourceTree = "<group>";
		};
		7EBDAC471AFD8AC30089B815 /* Supporting Files */ = {
			isa = PBXGroup;
			children = (
				7EBDAC481AFD8AC30089B815 /* Info.plist */,
			);
			name = "Supporting Files";
			sourceTree = "<group>";
		};
		7EBDAC531AFD8AC30089B815 /* WatchKitParentAppBenchmark WatchKit App */ = {
			isa = PBXGroup;
			children = (
				7EBDAC561AFD8AC30089B815 /* Interface.storyboard */,
				7EBDAC591AFD8AC30089B815 /* Images.xcassets */,
				7EBDAC541AFD8AC30089B815 /* Supporting Files */,
			);
			path = "WatchKitParentAppBenchmark WatchKit App";
			sourceTree = "<group>";
		};
		7EBDAC541AFD8AC30089B815 /* Supporting Files */ = {
			isa = PBXGroup;
			children = (
				7EBDAC551AFD8AC30089B815 /* Info.plist */,
			);
			name = "Supporting Files";
			sourceTree = "<group>";
		};
		7EBDAC671AFD8E170089B815 /* Utils */ = {
			isa = PBXGroup;
			children = (
				7EBDAC681AFD8E200089B815 /* TickTock.swift */,
			);
			path = Utils;
			sourceTree = "<group>";
		};
		7EBDACEF1AFDABFF0089B815 /* Frameworks */ = {
			isa = PBXGroup;
			children = (
				7EBDACF01AFDAC0C0089B815 /* SwiftStatistics.framework */,
			);
			path = Frameworks;
			sourceTree = "<group>";
		};
/* End PBXGroup section */

/* Begin PBXNativeTarget section */
		7EBDAC1B1AFD8A200089B815 /* WatchKitParentAppBenchmark */ = {
			isa = PBXNativeTarget;
			buildConfigurationList = 7EBDAC3B1AFD8A200089B815 /* Build configuration list for PBXNativeTarget "WatchKitParentAppBenchmark" */;
			buildPhases = (
				7EBDAC181AFD8A200089B815 /* Sources */,
				7EBDAC191AFD8A200089B815 /* Frameworks */,
				7EBDAC1A1AFD8A200089B815 /* Resources */,
				7EBDAC641AFD8AC30089B815 /* Embed App Extensions */,
			);
			buildRules = (
			);
			dependencies = (
				7EBDAC5C1AFD8AC30089B815 /* PBXTargetDependency */,
			);
			name = WatchKitParentAppBenchmark;
			productName = WatchKitParentAppBenchmark;
			productReference = 7EBDAC1C1AFD8A200089B815 /* WatchKitParentAppBenchmark.app */;
			productType = "com.apple.product-type.application";
		};
		7EBDAC301AFD8A200089B815 /* WatchKitParentAppBenchmarkTests */ = {
			isa = PBXNativeTarget;
			buildConfigurationList = 7EBDAC3E1AFD8A200089B815 /* Build configuration list for PBXNativeTarget "WatchKitParentAppBenchmarkTests" */;
			buildPhases = (
				7EBDAC2D1AFD8A200089B815 /* Sources */,
				7EBDAC2E1AFD8A200089B815 /* Frameworks */,
				7EBDAC2F1AFD8A200089B815 /* Resources */,
			);
			buildRules = (
			);
			dependencies = (
				7EBDAC331AFD8A200089B815 /* PBXTargetDependency */,
			);
			name = WatchKitParentAppBenchmarkTests;
			productName = WatchKitParentAppBenchmarkTests;
			productReference = 7EBDAC311AFD8A200089B815 /* WatchKitParentAppBenchmarkTests.xctest */;
			productType = "com.apple.product-type.bundle.unit-test";
		};
		7EBDAC441AFD8AC30089B815 /* WatchKitParentAppBenchmark WatchKit Extension */ = {
			isa = PBXNativeTarget;
			buildConfigurationList = 7EBDAC611AFD8AC30089B815 /* Build configuration list for PBXNativeTarget "WatchKitParentAppBenchmark WatchKit Extension" */;
			buildPhases = (
				7EBDAC411AFD8AC30089B815 /* Sources */,
				7EBDAC421AFD8AC30089B815 /* Frameworks */,
				7EBDAC431AFD8AC30089B815 /* Resources */,
				7EBDACF91AFDAD2B0089B815 /* Embed Frameworks */,
			);
			buildRules = (
			);
			dependencies = (
				7EBDAC521AFD8AC30089B815 /* PBXTargetDependency */,
			);
			name = "WatchKitParentAppBenchmark WatchKit Extension";
			productName = "WatchKitParentAppBenchmark WatchKit Extension";
			productReference = 7EBDAC451AFD8AC30089B815 /* WatchKitParentAppBenchmark WatchKit Extension.appex */;
			productType = "com.apple.product-type.watchkit-extension";
		};
		7EBDAC4E1AFD8AC30089B815 /* WatchKitParentAppBenchmark WatchKit App */ = {
			isa = PBXNativeTarget;
			buildConfigurationList = 7EBDAC5E1AFD8AC30089B815 /* Build configuration list for PBXNativeTarget "WatchKitParentAppBenchmark WatchKit App" */;
			buildPhases = (
				7EBDAC4D1AFD8AC30089B815 /* Resources */,
			);
			buildRules = (
			);
			dependencies = (
			);
			name = "WatchKitParentAppBenchmark WatchKit App";
			productName = "WatchKitParentAppBenchmark WatchKit App";
			productReference = 7EBDAC4F1AFD8AC30089B815 /* WatchKitParentAppBenchmark WatchKit App.app */;
			productType = "com.apple.product-type.application.watchapp";
		};
/* End PBXNativeTarget section */

/* Begin PBXProject section */
		7EBDAC141AFD8A200089B815 /* Project object */ = {
			isa = PBXProject;
			attributes = {
				LastSwiftMigration = 0700;
				LastSwiftUpdateCheck = 0700;
				LastUpgradeCheck = 0640;
				ORGANIZATIONNAME = "Evgenii Neumerzhitckii";
				TargetAttributes = {
					7EBDAC1B1AFD8A200089B815 = {
						CreatedOnToolsVersion = 6.4;
					};
					7EBDAC301AFD8A200089B815 = {
						CreatedOnToolsVersion = 6.4;
						TestTargetID = 7EBDAC1B1AFD8A200089B815;
					};
					7EBDAC441AFD8AC30089B815 = {
						CreatedOnToolsVersion = 6.4;
					};
					7EBDAC4E1AFD8AC30089B815 = {
						CreatedOnToolsVersion = 6.4;
					};
				};
			};
			buildConfigurationList = 7EBDAC171AFD8A200089B815 /* Build configuration list for PBXProject "WatchKitParentAppBenchmark" */;
			compatibilityVersion = "Xcode 3.2";
			developmentRegion = English;
			hasScannedForEncodings = 0;
			knownRegions = (
				en,
				Base,
			);
			mainGroup = 7EBDAC131AFD8A200089B815;
			productRefGroup = 7EBDAC1D1AFD8A200089B815 /* Products */;
			projectDirPath = "";
			projectRoot = "";
			targets = (
				7EBDAC1B1AFD8A200089B815 /* WatchKitParentAppBenchmark */,
				7EBDAC301AFD8A200089B815 /* WatchKitParentAppBenchmarkTests */,
				7EBDAC441AFD8AC30089B815 /* WatchKitParentAppBenchmark WatchKit Extension */,
				7EBDAC4E1AFD8AC30089B815 /* WatchKitParentAppBenchmark WatchKit App */,
			);
		};
/* End PBXProject section */

/* Begin PBXResourcesBuildPhase section */
		7EBDAC1A1AFD8A200089B815 /* Resources */ = {
			isa = PBXResourcesBuildPhase;
			buildActionMask = 2147483647;
			files = (
				7EBDAC271AFD8A200089B815 /* Main.storyboard in Resources */,
				7EBDAC2C1AFD8A200089B815 /* LaunchScreen.xib in Resources */,
				7EBDAC291AFD8A200089B815 /* Images.xcassets in Resources */,
			);
			runOnlyForDeploymentPostprocessing = 0;
		};
		7EBDAC2F1AFD8A200089B815 /* Resources */ = {
			isa = PBXResourcesBuildPhase;
			buildActionMask = 2147483647;
			files = (
			);
			runOnlyForDeploymentPostprocessing = 0;
		};
		7EBDAC431AFD8AC30089B815 /* Resources */ = {
			isa = PBXResourcesBuildPhase;
			buildActionMask = 2147483647;
			files = (
				7EBDACFB1AFDAD520089B815 /* Cartfile in Resources */,
				7EBDAC4C1AFD8AC30089B815 /* Images.xcassets in Resources */,
				7EBDAC501AFD8AC30089B815 /* WatchKitParentAppBenchmark WatchKit App.app in Resources */,
			);
			runOnlyForDeploymentPostprocessing = 0;
		};
		7EBDAC4D1AFD8AC30089B815 /* Resources */ = {
			isa = PBXResourcesBuildPhase;
			buildActionMask = 2147483647;
			files = (
				7EBDAC581AFD8AC30089B815 /* Interface.storyboard in Resources */,
				7EBDAC5A1AFD8AC30089B815 /* Images.xcassets in Resources */,
			);
			runOnlyForDeploymentPostprocessing = 0;
		};
/* End PBXResourcesBuildPhase section */

/* Begin PBXSourcesBuildPhase section */
		7EBDAC181AFD8A200089B815 /* Sources */ = {
			isa = PBXSourcesBuildPhase;
			buildActionMask = 2147483647;
			files = (
				7EBDAC241AFD8A200089B815 /* ViewController.swift in Sources */,
				7EBDAC661AFD8BEC0089B815 /* WatchkitCommunicator.swift in Sources */,
				7EBDAC221AFD8A200089B815 /* AppDelegate.swift in Sources */,
			);
			runOnlyForDeploymentPostprocessing = 0;
		};
		7EBDAC2D1AFD8A200089B815 /* Sources */ = {
			isa = PBXSourcesBuildPhase;
			buildActionMask = 2147483647;
			files = (
				7EBDAC381AFD8A200089B815 /* WatchKitParentAppBenchmarkTests.swift in Sources */,
			);
			runOnlyForDeploymentPostprocessing = 0;
		};
		7EBDAC411AFD8AC30089B815 /* Sources */ = {
			isa = PBXSourcesBuildPhase;
			buildActionMask = 2147483647;
			files = (
				7EBDAC4A1AFD8AC30089B815 /* InterfaceController.swift in Sources */,
				7EBDAC691AFD8E200089B815 /* TickTock.swift in Sources */,
			);
			runOnlyForDeploymentPostprocessing = 0;
		};
/* End PBXSourcesBuildPhase section */

/* Begin PBXTargetDependency section */
		7EBDAC331AFD8A200089B815 /* PBXTargetDependency */ = {
			isa = PBXTargetDependency;
			target = 7EBDAC1B1AFD8A200089B815 /* WatchKitParentAppBenchmark */;
			targetProxy = 7EBDAC321AFD8A200089B815 /* PBXContainerItemProxy */;
		};
		7EBDAC521AFD8AC30089B815 /* PBXTargetDependency */ = {
			isa = PBXTargetDependency;
			target = 7EBDAC4E1AFD8AC30089B815 /* WatchKitParentAppBenchmark WatchKit App */;
			targetProxy = 7EBDAC511AFD8AC30089B815 /* PBXContainerItemProxy */;
		};
		7EBDAC5C1AFD8AC30089B815 /* PBXTargetDependency */ = {
			isa = PBXTargetDependency;
			target = 7EBDAC441AFD8AC30089B815 /* WatchKitParentAppBenchmark WatchKit Extension */;
			targetProxy = 7EBDAC5B1AFD8AC30089B815 /* PBXContainerItemProxy */;
		};
/* End PBXTargetDependency section */

/* Begin PBXVariantGroup section */
		7EBDAC251AFD8A200089B815 /* Main.storyboard */ = {
			isa = PBXVariantGroup;
			children = (
				7EBDAC261AFD8A200089B815 /* Base */,
			);
			name = Main.storyboard;
			sourceTree = "<group>";
		};
		7EBDAC2A1AFD8A200089B815 /* LaunchScreen.xib */ = {
			isa = PBXVariantGroup;
			children = (
				7EBDAC2B1AFD8A200089B815 /* Base */,
			);
			name = LaunchScreen.xib;
			sourceTree = "<group>";
		};
		7EBDAC561AFD8AC30089B815 /* Interface.storyboard */ = {
			isa = PBXVariantGroup;
			children = (
				7EBDAC571AFD8AC30089B815 /* Base */,
			);
			name = Interface.storyboard;
			sourceTree = "<group>";
		};
/* End PBXVariantGroup section */

/* Begin XCBuildConfiguration section */
		7EBDAC391AFD8A200089B815 /* Debug */ = {
			isa = XCBuildConfiguration;
			buildSettings = {
				ALWAYS_SEARCH_USER_PATHS = NO;
				CLANG_CXX_LANGUAGE_STANDARD = "gnu++0x";
				CLANG_CXX_LIBRARY = "libc++";
				CLANG_ENABLE_MODULES = YES;
				CLANG_ENABLE_OBJC_ARC = YES;
				CLANG_WARN_BOOL_CONVERSION = YES;
				CLANG_WARN_CONSTANT_CONVERSION = YES;
				CLANG_WARN_DIRECT_OBJC_ISA_USAGE = YES_ERROR;
				CLANG_WARN_EMPTY_BODY = YES;
				CLANG_WARN_ENUM_CONVERSION = YES;
				CLANG_WARN_INT_CONVERSION = YES;
				CLANG_WARN_OBJC_ROOT_CLASS = YES_ERROR;
				CLANG_WARN_UNREACHABLE_CODE = YES;
				CLANG_WARN__DUPLICATE_METHOD_MATCH = YES;
				"CODE_SIGN_IDENTITY[sdk=iphoneos*]" = "iPhone Developer";
				COPY_PHASE_STRIP = NO;
				DEBUG_INFORMATION_FORMAT = "dwarf-with-dsym";
				ENABLE_STRICT_OBJC_MSGSEND = YES;
				GCC_C_LANGUAGE_STANDARD = gnu99;
				GCC_DYNAMIC_NO_PIC = NO;
				GCC_NO_COMMON_BLOCKS = YES;
				GCC_OPTIMIZATION_LEVEL = 0;
				GCC_PREPROCESSOR_DEFINITIONS = (
					"DEBUG=1",
					"$(inherited)",
				);
				GCC_SYMBOLS_PRIVATE_EXTERN = NO;
				GCC_WARN_64_TO_32_BIT_CONVERSION = YES;
				GCC_WARN_ABOUT_RETURN_TYPE = YES_ERROR;
				GCC_WARN_UNDECLARED_SELECTOR = YES;
				GCC_WARN_UNINITIALIZED_AUTOS = YES_AGGRESSIVE;
				GCC_WARN_UNUSED_FUNCTION = YES;
				GCC_WARN_UNUSED_VARIABLE = YES;
				IPHONEOS_DEPLOYMENT_TARGET = 8.2;
				MTL_ENABLE_DEBUG_INFO = YES;
				ONLY_ACTIVE_ARCH = YES;
				SDKROOT = iphoneos;
				SWIFT_OPTIMIZATION_LEVEL = "-Onone";
				TARGETED_DEVICE_FAMILY = "1,2";
			};
			name = Debug;
		};
		7EBDAC3A1AFD8A200089B815 /* Release */ = {
			isa = XCBuildConfiguration;
			buildSettings = {
				ALWAYS_SEARCH_USER_PATHS = NO;
				CLANG_CXX_LANGUAGE_STANDARD = "gnu++0x";
				CLANG_CXX_LIBRARY = "libc++";
				CLANG_ENABLE_MODULES = YES;
				CLANG_ENABLE_OBJC_ARC = YES;
				CLANG_WARN_BOOL_CONVERSION = YES;
				CLANG_WARN_CONSTANT_CONVERSION = YES;
				CLANG_WARN_DIRECT_OBJC_ISA_USAGE = YES_ERROR;
				CLANG_WARN_EMPTY_BODY = YES;
				CLANG_WARN_ENUM_CONVERSION = YES;
				CLANG_WARN_INT_CONVERSION = YES;
				CLANG_WARN_OBJC_ROOT_CLASS = YES_ERROR;
				CLANG_WARN_UNREACHABLE_CODE = YES;
				CLANG_WARN__DUPLICATE_METHOD_MATCH = YES;
				"CODE_SIGN_IDENTITY[sdk=iphoneos*]" = "iPhone Developer";
				COPY_PHASE_STRIP = NO;
				DEBUG_INFORMATION_FORMAT = "dwarf-with-dsym";
				ENABLE_NS_ASSERTIONS = NO;
				ENABLE_STRICT_OBJC_MSGSEND = YES;
				GCC_C_LANGUAGE_STANDARD = gnu99;
				GCC_NO_COMMON_BLOCKS = YES;
				GCC_WARN_64_TO_32_BIT_CONVERSION = YES;
				GCC_WARN_ABOUT_RETURN_TYPE = YES_ERROR;
				GCC_WARN_UNDECLARED_SELECTOR = YES;
				GCC_WARN_UNINITIALIZED_AUTOS = YES_AGGRESSIVE;
				GCC_WARN_UNUSED_FUNCTION = YES;
				GCC_WARN_UNUSED_VARIABLE = YES;
				IPHONEOS_DEPLOYMENT_TARGET = 8.2;
				MTL_ENABLE_DEBUG_INFO = NO;
				SDKROOT = iphoneos;
				TARGETED_DEVICE_FAMILY = "1,2";
				VALIDATE_PRODUCT = YES;
			};
			name = Release;
		};
		7EBDAC3C1AFD8A200089B815 /* Debug */ = {
			isa = XCBuildConfiguration;
			buildSettings = {
				ASSETCATALOG_COMPILER_APPICON_NAME = AppIcon;
				INFOPLIST_FILE = WatchKitParentAppBenchmark/Info.plist;
				LD_RUNPATH_SEARCH_PATHS = "$(inherited) @executable_path/Frameworks";
				PRODUCT_NAME = "$(TARGET_NAME)";
			};
			name = Debug;
		};
		7EBDAC3D1AFD8A200089B815 /* Release */ = {
			isa = XCBuildConfiguration;
			buildSettings = {
				ASSETCATALOG_COMPILER_APPICON_NAME = AppIcon;
				INFOPLIST_FILE = WatchKitParentAppBenchmark/Info.plist;
				LD_RUNPATH_SEARCH_PATHS = "$(inherited) @executable_path/Frameworks";
				PRODUCT_NAME = "$(TARGET_NAME)";
			};
			name = Release;
		};
		7EBDAC3F1AFD8A200089B815 /* Debug */ = {
			isa = XCBuildConfiguration;
			buildSettings = {
				BUNDLE_LOADER = "$(TEST_HOST)";
				FRAMEWORK_SEARCH_PATHS = (
					"$(SDKROOT)/Developer/Library/Frameworks",
					"$(inherited)",
				);
				GCC_PREPROCESSOR_DEFINITIONS = (
					"DEBUG=1",
					"$(inherited)",
				);
				INFOPLIST_FILE = WatchKitParentAppBenchmarkTests/Info.plist;
				LD_RUNPATH_SEARCH_PATHS = "$(inherited) @executable_path/Frameworks @loader_path/Frameworks";
				PRODUCT_NAME = "$(TARGET_NAME)";
				TEST_HOST = "$(BUILT_PRODUCTS_DIR)/WatchKitParentAppBenchmark.app/WatchKitParentAppBenchmark";
			};
			name = Debug;
		};
		7EBDAC401AFD8A200089B815 /* Release */ = {
			isa = XCBuildConfiguration;
			buildSettings = {
				BUNDLE_LOADER = "$(TEST_HOST)";
				FRAMEWORK_SEARCH_PATHS = (
					"$(SDKROOT)/Developer/Library/Frameworks",
					"$(inherited)",
				);
				INFOPLIST_FILE = WatchKitParentAppBenchmarkTests/Info.plist;
				LD_RUNPATH_SEARCH_PATHS = "$(inherited) @executable_path/Frameworks @loader_path/Frameworks";
				PRODUCT_NAME = "$(TARGET_NAME)";
				TEST_HOST = "$(BUILT_PRODUCTS_DIR)/WatchKitParentAppBenchmark.app/WatchKitParentAppBenchmark";
			};
			name = Release;
		};
		7EBDAC5F1AFD8AC30089B815 /* Debug */ = {
			isa = XCBuildConfiguration;
			buildSettings = {
				ASSETCATALOG_COMPILER_APPICON_NAME = AppIcon;
				GCC_PREPROCESSOR_DEFINITIONS = (
					"DEBUG=1",
					"$(inherited)",
				);
				IBSC_MODULE = WatchKitParentAppBenchmark_WatchKit_Extension;
				INFOPLIST_FILE = "WatchKitParentAppBenchmark WatchKit App/Info.plist";
				IPHONEOS_DEPLOYMENT_TARGET = 8.2;
				PRODUCT_NAME = "$(TARGET_NAME)";
				SKIP_INSTALL = YES;
				TARGETED_DEVICE_FAMILY = 4;
				"TARGETED_DEVICE_FAMILY[sdk=iphonesimulator*]" = "1,4";
			};
			name = Debug;
		};
		7EBDAC601AFD8AC30089B815 /* Release */ = {
			isa = XCBuildConfiguration;
			buildSettings = {
				ASSETCATALOG_COMPILER_APPICON_NAME = AppIcon;
				IBSC_MODULE = WatchKitParentAppBenchmark_WatchKit_Extension;
				INFOPLIST_FILE = "WatchKitParentAppBenchmark WatchKit App/Info.plist";
				IPHONEOS_DEPLOYMENT_TARGET = 8.2;
				PRODUCT_NAME = "$(TARGET_NAME)";
				SKIP_INSTALL = YES;
				TARGETED_DEVICE_FAMILY = 4;
				"TARGETED_DEVICE_FAMILY[sdk=iphonesimulator*]" = "1,4";
			};
			name = Release;
		};
		7EBDAC621AFD8AC30089B815 /* Debug */ = {
			isa = XCBuildConfiguration;
			buildSettings = {
				FRAMEWORK_SEARCH_PATHS = (
					"$(inherited)",
					"$(PROJECT_DIR)/Carthage/Build/iOS",
				);
				GCC_PREPROCESSOR_DEFINITIONS = (
					"DEBUG=1",
					"$(inherited)",
				);
				INFOPLIST_FILE = "WatchKitParentAppBenchmark WatchKit Extension/Info.plist";
				IPHONEOS_DEPLOYMENT_TARGET = 8.2;
				LD_RUNPATH_SEARCH_PATHS = "$(inherited) @executable_path/Frameworks @executable_path/../../Frameworks";
				PRODUCT_NAME = "${TARGET_NAME}";
				SKIP_INSTALL = YES;
			};
			name = Debug;
		};
		7EBDAC631AFD8AC30089B815 /* Release */ = {
			isa = XCBuildConfiguration;
			buildSettings = {
				FRAMEWORK_SEARCH_PATHS = (
					"$(inherited)",
					"$(PROJECT_DIR)/Carthage/Build/iOS",
				);
				INFOPLIST_FILE = "WatchKitParentAppBenchmark WatchKit Extension/Info.plist";
				IPHONEOS_DEPLOYMENT_TARGET = 8.2;
				LD_RUNPATH_SEARCH_PATHS = "$(inherited) @executable_path/Frameworks @executable_path/../../Frameworks";
				PRODUCT_NAME = "${TARGET_NAME}";
				SKIP_INSTALL = YES;
			};
			name = Release;
		};
/* End XCBuildConfiguration section */

/* Begin XCConfigurationList section */
		7EBDAC171AFD8A200089B815 /* Build configuration list for PBXProject "WatchKitParentAppBenchmark" */ = {
			isa = XCConfigurationList;
			buildConfigurations = (
				7EBDAC391AFD8A200089B815 /* Debug */,
				7EBDAC3A1AFD8A200089B815 /* Release */,
			);
			defaultConfigurationIsVisible = 0;
			defaultConfigurationName = Release;
		};
		7EBDAC3B1AFD8A200089B815 /* Build configuration list for PBXNativeTarget "WatchKitParentAppBenchmark" */ = {
			isa = XCConfigurationList;
			buildConfigurations = (
				7EBDAC3C1AFD8A200089B815 /* Debug */,
				7EBDAC3D1AFD8A200089B815 /* Release */,
			);
			defaultConfigurationIsVisible = 0;
			defaultConfigurationName = Release;
		};
		7EBDAC3E1AFD8A200089B815 /* Build configuration list for PBXNativeTarget "WatchKitParentAppBenchmarkTests" */ = {
			isa = XCConfigurationList;
			buildConfigurations = (
				7EBDAC3F1AFD8A200089B815 /* Debug */,
				7EBDAC401AFD8A200089B815 /* Release */,
			);
			defaultConfigurationIsVisible = 0;
			defaultConfigurationName = Release;
		};
		7EBDAC5E1AFD8AC30089B815 /* Build configuration list for PBXNativeTarget "WatchKitParentAppBenchmark WatchKit App" */ = {
			isa = XCConfigurationList;
			buildConfigurations = (
				7EBDAC5F1AFD8AC30089B815 /* Debug */,
				7EBDAC601AFD8AC30089B815 /* Release */,
			);
			defaultConfigurationIsVisible = 0;
			defaultConfigurationName = Release;
		};
		7EBDAC611AFD8AC30089B815 /* Build configuration list for PBXNativeTarget "WatchKitParentAppBenchmark WatchKit Extension" */ = {
			isa = XCConfigurationList;
			buildConfigurations = (
				7EBDAC621AFD8AC30089B815 /* Debug */,
				7EBDAC631AFD8AC30089B815 /* Release */,
			);
			defaultConfigurationIsVisible = 0;
			defaultConfigurationName = Release;
		};
/* End XCConfigurationList section */
	};
	rootObject = 7EBDAC141AFD8A200089B815 /* Project object */;
}
